
Microsoft Visual Studio Solution File, Format Version 12.00
# Visual Studio Version 17
VisualStudioVersion = 17.14.36429.23 d17.14
MinimumVisualStudioVersion = 10.0.40219.1
Project("{FAE04EC0-301F-11D3-BF4B-00C04F79EFBC}") = "Задача 2", "Задача 2\Задача 2.csproj", "{B2998AFC-D2BE-4DDB-8A8E-CE798D859BD5}"
EndProject
Global
	GlobalSection(SolutionConfigurationPlatforms) = preSolution
		Debug|Any CPU = Debug|Any CPU
		Release|Any CPU = Release|Any CPU
	EndGlobalSection
	GlobalSection(ProjectConfigurationPlatforms) = postSolution
		{B2998AFC-D2BE-4DDB-8A8E-CE798D859BD5}.Debug|Any CPU.ActiveCfg = Debug|Any CPU
		{B2998AFC-D2BE-4DDB-8A8E-CE798D859BD5}.Debug|Any CPU.Build.0 = Debug|Any CPU
		{B2998AFC-D2BE-4DDB-8A8E-CE798D859BD5}.Release|Any CPU.ActiveCfg = Release|Any CPU
		{B2998AFC-D2BE-4DDB-8A8E-CE798D859BD5}.Release|Any CPU.Build.0 = Release|Any CPU
	EndGlobalSection
	GlobalSection(SolutionProperties) = preSolution
		HideSolutionNode = FALSE
	EndGlobalSection
	GlobalSection(ExtensibilityGlobals) = postSolution
		SolutionGuid = {D4D8F561-BFF5-496B-9EDA-2B4D5497CBC2}
	EndGlobalSection
EndGlobal
